
Microsoft Visual Studio Solution File, Format Version 12.00
# Visual Studio Version 17
VisualStudioVersion = 17.6.33723.286
MinimumVisualStudioVersion = 10.0.40219.1
Project("{9A19103F-16F7-4668-BE54-9A1E7A4F7556}") = "DesafioImportaExcel", "DesafioImportaExcel.csproj", "{6384B98F-308E-4B4D-8FE4-D9FE22A965FE}"
EndProject
Global
	GlobalSection(SolutionConfigurationPlatforms) = preSolution
		Debug|Any CPU = Debug|Any CPU
		Release|Any CPU = Release|Any CPU
	EndGlobalSection
	GlobalSection(ProjectConfigurationPlatforms) = postSolution
		{6384B98F-308E-4B4D-8FE4-D9FE22A965FE}.Debug|Any CPU.ActiveCfg = Debug|Any CPU
		{6384B98F-308E-4B4D-8FE4-D9FE22A965FE}.Debug|Any CPU.Build.0 = Debug|Any CPU
		{6384B98F-308E-4B4D-8FE4-D9FE22A965FE}.Release|Any CPU.ActiveCfg = Release|Any CPU
		{6384B98F-308E-4B4D-8FE4-D9FE22A965FE}.Release|Any CPU.Build.0 = Release|Any CPU
	EndGlobalSection
	GlobalSection(SolutionProperties) = preSolution
		HideSolutionNode = FALSE
	EndGlobalSection
	GlobalSection(ExtensibilityGlobals) = postSolution
		SolutionGuid = {297E79BF-435C-452B-BE88-22B55A17BE1A}
	EndGlobalSection
EndGlobal
